
Microsoft Visual Studio Solution File, Format Version 12.00
# Visual Studio Version 16
VisualStudioVersion = 16.0.31112.23
MinimumVisualStudioVersion = 10.0.40219.1
Project("{2150E333-8FDC-42A3-9474-1A3956D46DE8}") = "src", "src", "{766BCE72-BD2E-4DA8-ACB2-90CDADB1D482}"
EndProject
Project("{9A19103F-16F7-4668-BE54-9A1E7A4F7556}") = "ReportReader", "src\ReportReader\ReportReader.csproj", "{96795043-87E8-4171-993C-C06A8574E107}"
EndProject
Project("{9A19103F-16F7-4668-BE54-9A1E7A4F7556}") = "ReportParser", "src\ReportParser\ReportParser.csproj", "{CD26E6A3-797B-4BE5-B3A2-3AA0EFBE1AA3}"
EndProject
Global
	GlobalSection(SolutionConfigurationPlatforms) = preSolution
		Debug|Any CPU = Debug|Any CPU
		Release|Any CPU = Release|Any CPU
	EndGlobalSection
	GlobalSection(ProjectConfigurationPlatforms) = postSolution
		{96795043-87E8-4171-993C-C06A8574E107}.Debug|Any CPU.ActiveCfg = Debug|Any CPU
		{96795043-87E8-4171-993C-C06A8574E107}.Debug|Any CPU.Build.0 = Debug|Any CPU
		{96795043-87E8-4171-993C-C06A8574E107}.Release|Any CPU.ActiveCfg = Release|Any CPU
		{96795043-87E8-4171-993C-C06A8574E107}.Release|Any CPU.Build.0 = Release|Any CPU
		{CD26E6A3-797B-4BE5-B3A2-3AA0EFBE1AA3}.Debug|Any CPU.ActiveCfg = Debug|Any CPU
		{CD26E6A3-797B-4BE5-B3A2-3AA0EFBE1AA3}.Debug|Any CPU.Build.0 = Debug|Any CPU
		{CD26E6A3-797B-4BE5-B3A2-3AA0EFBE1AA3}.Release|Any CPU.ActiveCfg = Release|Any CPU
		{CD26E6A3-797B-4BE5-B3A2-3AA0EFBE1AA3}.Release|Any CPU.Build.0 = Release|Any CPU
	EndGlobalSection
	GlobalSection(SolutionProperties) = preSolution
		HideSolutionNode = FALSE
	EndGlobalSection
	GlobalSection(NestedProjects) = preSolution
		{96795043-87E8-4171-993C-C06A8574E107} = {766BCE72-BD2E-4DA8-ACB2-90CDADB1D482}
		{CD26E6A3-797B-4BE5-B3A2-3AA0EFBE1AA3} = {766BCE72-BD2E-4DA8-ACB2-90CDADB1D482}
	EndGlobalSection
	GlobalSection(ExtensibilityGlobals) = postSolution
		SolutionGuid = {ECE249EC-EE2B-4FDB-AD1E-14E06F0DCB04}
	EndGlobalSection
EndGlobal
